// !$*UTF8*$!
{
	archiveVersion = 1;
	classes = {
	};
	objectVersion = 50;
	objects = {

/* Begin PBXBuildFile section */
		4D8283D021955BB000DAEA56 /* AppDelegate.swift in Sources */ = {isa = PBXBuildFile; fileRef = 4D8283CF21955BB000DAEA56 /* AppDelegate.swift */; };
		4D8283D221955BB000DAEA56 /* ViewController.swift in Sources */ = {isa = PBXBuildFile; fileRef = 4D8283D121955BB000DAEA56 /* ViewController.swift */; };
		4D8283D521955BB000DAEA56 /* Main.storyboard in Resources */ = {isa = PBXBuildFile; fileRef = 4D8283D321955BB000DAEA56 /* Main.storyboard */; };
		4D8283D721955BB100DAEA56 /* Assets.xcassets in Resources */ = {isa = PBXBuildFile; fileRef = 4D8283D621955BB100DAEA56 /* Assets.xcassets */; };
		4D8283DA21955BB100DAEA56 /* LaunchScreen.storyboard in Resources */ = {isa = PBXBuildFile; fileRef = 4D8283D821955BB100DAEA56 /* LaunchScreen.storyboard */; };
		4D8283E221955BE400DAEA56 /* Direction.swift in Sources */ = {isa = PBXBuildFile; fileRef = 4D8283E121955BE400DAEA56 /* Direction.swift */; };
/* End PBXBuildFile section */

/* Begin PBXFileReference section */
		4D8283CC21955BB000DAEA56 /* GoogleApis_DemoCode.app */ = {isa = PBXFileReference; explicitFileType = wrapper.application; includeInIndex = 0; path = GoogleApis_DemoCode.app; sourceTree = BUILT_PRODUCTS_DIR; };
		4D8283CF21955BB000DAEA56 /* AppDelegate.swift */ = {isa = PBXFileReference; lastKnownFileType = sourcecode.swift; path = AppDelegate.swift; sourceTree = "<group>"; };
		4D8283D121955BB000DAEA56 /* ViewController.swift */ = {isa = PBXFileReference; lastKnownFileType = sourcecode.swift; path = ViewController.swift; sourceTree = "<group>"; };
		4D8283D421955BB000DAEA56 /* Base */ = {isa = PBXFileReference; lastKnownFileType = file.storyboard; name = Base; path = Base.lproj/Main.storyboard; sourceTree = "<group>"; };
		4D8283D621955BB100DAEA56 /* Assets.xcassets */ = {isa = PBXFileReference; lastKnownFileType = folder.assetcatalog; path = Assets.xcassets; sourceTree = "<group>"; };
		4D8283D921955BB100DAEA56 /* Base */ = {isa = PBXFileReference; lastKnownFileType = file.storyboard; name = Base; path = Base.lproj/LaunchScreen.storyboard; sourceTree = "<group>"; };
		4D8283DB21955BB100DAEA56 /* Info.plist */ = {isa = PBXFileReference; lastKnownFileType = text.plist.xml; path = Info.plist; sourceTree = "<group>"; };
		4D8283E121955BE400DAEA56 /* Direction.swift */ = {isa = PBXFileReference; fileEncoding = 4; lastKnownFileType = sourcecode.swift; path = Direction.swift; sourceTree = "<group>"; };
/* End PBXFileReference section */

/* Begin PBXFrameworksBuildPhase section */
		4D8283C921955BB000DAEA56 /* Frameworks */ = {
			isa = PBXFrameworksBuildPhase;
			buildActionMask = 2147483647;
			files = (
			);
			runOnlyForDeploymentPostprocessing = 0;
		};
/* End PBXFrameworksBuildPhase section */

/* Begin PBXGroup section */
		4D8283C321955BB000DAEA56 = {
			isa = PBXGroup;
			children = (
				4D8283CE21955BB000DAEA56 /* GoogleApis_DemoCode */,
				4D8283CD21955BB000DAEA56 /* Products */,
			);
			sourceTree = "<group>";
		};
		4D8283CD21955BB000DAEA56 /* Products */ = {
			isa = PBXGroup;
			children = (
				4D8283CC21955BB000DAEA56 /* GoogleApis_DemoCode.app */,
			);
			name = Products;
			sourceTree = "<group>";
		};
		4D8283CE21955BB000DAEA56 /* GoogleApis_DemoCode */ = {
			isa = PBXGroup;
			children = (
				4D8283CF21955BB000DAEA56 /* AppDelegate.swift */,
				4D8283D121955BB000DAEA56 /* ViewController.swift */,
				4D8283E121955BE400DAEA56 /* Direction.swift */,
				4D8283D321955BB000DAEA56 /* Main.storyboard */,
				4D8283D621955BB100DAEA56 /* Assets.xcassets */,
				4D8283D821955BB100DAEA56 /* LaunchScreen.storyboard */,
				4D8283DB21955BB100DAEA56 /* Info.plist */,
			);
			path = GoogleApis_DemoCode;
			sourceTree = "<group>";
		};
/* End PBXGroup section */

/* Begin PBXNativeTarget section */
		4D8283CB21955BB000DAEA56 /* GoogleApis_DemoCode */ = {
			isa = PBXNativeTarget;
			buildConfigurationList = 4D8283DE21955BB100DAEA56 /* Build configuration list for PBXNativeTarget "GoogleApis_DemoCode" */;
			buildPhases = (
				4D8283C821955BB000DAEA56 /* Sources */,
				4D8283C921955BB000DAEA56 /* Frameworks */,
				4D8283CA21955BB000DAEA56 /* Resources */,
			);
			buildRules = (
			);
			dependencies = (
			);
			name = GoogleApis_DemoCode;
			productName = GoogleApis_DemoCode;
			productReference = 4D8283CC21955BB000DAEA56 /* GoogleApis_DemoCode.app */;
			productType = "com.apple.product-type.application";
		};
/* End PBXNativeTarget section */

/* Begin PBXProject section */
		4D8283C421955BB000DAEA56 /* Project object */ = {
			isa = PBXProject;
			attributes = {
				LastSwiftUpdateCheck = 0940;
				LastUpgradeCheck = 0940;
				ORGANIZATIONNAME = ahmedHigherVisibility;
				TargetAttributes = {
					4D8283CB21955BB000DAEA56 = {
						CreatedOnToolsVersion = 9.4.1;
					};
				};
			};
			buildConfigurationList = 4D8283C721955BB000DAEA56 /* Build configuration list for PBXProject "GoogleApis_DemoCode" */;
			compatibilityVersion = "Xcode 9.3";
			developmentRegion = en;
			hasScannedForEncodings = 0;
			knownRegions = (
				en,
				Base,
			);
			mainGroup = 4D8283C321955BB000DAEA56;
			productRefGroup = 4D8283CD21955BB000DAEA56 /* Products */;
			projectDirPath = "";
			projectRoot = "";
			targets = (
				4D8283CB21955BB000DAEA56 /* GoogleApis_DemoCode */,
			);
		};
/* End PBXProject section */

/* Begin PBXResourcesBuildPhase section */
		4D8283CA21955BB000DAEA56 /* Resources */ = {
			isa = PBXResourcesBuildPhase;
			buildActionMask = 2147483647;
			files = (
				4D8283DA21955BB100DAEA56 /* LaunchScreen.storyboard in Resources */,
				4D8283D721955BB100DAEA56 /* Assets.xcassets in Resources */,
				4D8283D521955BB000DAEA56 /* Main.storyboard in Resources */,
			);
			runOnlyForDeploymentPostprocessing = 0;
		};
/* End PBXResourcesBuildPhase section */

/* Begin PBXSourcesBuildPhase section */
		4D8283C821955BB000DAEA56 /* Sources */ = {
			isa = PBXSourcesBuildPhase;
			buildActionMask = 2147483647;
			files = (
				4D8283D221955BB000DAEA56 /* ViewController.swift in Sources */,
				4D8283D021955BB000DAEA56 /* AppDelegate.swift in Sources */,
				4D8283E221955BE400DAEA56 /* Direction.swift in Sources */,
			);
			runOnlyForDeploymentPostprocessing = 0;
		};
/* End PBXSourcesBuildPhase section */

/* Begin PBXVariantGroup section */
		4D8283D321955BB000DAEA56 /* Main.storyboard */ = {
			isa = PBXVariantGroup;
			children = (
				4D8283D421955BB000DAEA56 /* Base */,
			);
			name = Main.storyboard;
			sourceTree = "<group>";
		};
		4D8283D821955BB100DAEA56 /* LaunchScreen.storyboard */ = {
			isa = PBXVariantGroup;
			children = (
				4D8283D921955BB100DAEA56 /* Base */,
			);
			name = LaunchScreen.storyboard;
			sourceTree = "<group>";
		};
/* End PBXVariantGroup section */

/* Begin XCBuildConfiguration section */
		4D8283DC21955BB100DAEA56 /* Debug */ = {
			isa = XCBuildConfiguration;
			buildSettings = {
				ALWAYS_SEARCH_USER_PATHS = NO;
				CLANG_ANALYZER_NONNULL = YES;
				CLANG_ANALYZER_NUMBER_OBJECT_CONVERSION = YES_AGGRESSIVE;
				CLANG_CXX_LANGUAGE_STANDARD = "gnu++14";
				CLANG_CXX_LIBRARY = "libc++";
				CLANG_ENABLE_MODULES = YES;
				CLANG_ENABLE_OBJC_ARC = YES;
				CLANG_ENABLE_OBJC_WEAK = YES;
				CLANG_WARN_BLOCK_CAPTURE_AUTORELEASING = YES;
				CLANG_WARN_BOOL_CONVERSION = YES;
				CLANG_WARN_COMMA = YES;
				CLANG_WARN_CONSTANT_CONVERSION = YES;
				CLANG_WARN_DEPRECATED_OBJC_IMPLEMENTATIONS = YES;
				CLANG_WARN_DIRECT_OBJC_ISA_USAGE = YES_ERROR;
				CLANG_WARN_DOCUMENTATION_COMMENTS = YES;
				CLANG_WARN_EMPTY_BODY = YES;
				CLANG_WARN_ENUM_CONVERSION = YES;
				CLANG_WARN_INFINITE_RECURSION = YES;
				CLANG_WARN_INT_CONVERSION = YES;
				CLANG_WARN_NON_LITERAL_NULL_CONVERSION = YES;
				CLANG_WARN_OBJC_IMPLICIT_RETAIN_SELF = YES;
				CLANG_WARN_OBJC_LITERAL_CONVERSION = YES;
				CLANG_WARN_OBJC_ROOT_CLASS = YES_ERROR;
				CLANG_WARN_RANGE_LOOP_ANALYSIS = YES;
				CLANG_WARN_STRICT_PROTOTYPES = YES;
				CLANG_WARN_SUSPICIOUS_MOVE = YES;
				CLANG_WARN_UNGUARDED_AVAILABILITY = YES_AGGRESSIVE;
				CLANG_WARN_UNREACHABLE_CODE = YES;
				CLANG_WARN__DUPLICATE_METHOD_MATCH = YES;
				CODE_SIGN_IDENTITY = "iPhone Developer";
				COPY_PHASE_STRIP = NO;
				DEBUG_INFORMATION_FORMAT = dwarf;
				ENABLE_STRICT_OBJC_MSGSEND = YES;
				ENABLE_TESTABILITY = YES;
				GCC_C_LANGUAGE_STANDARD = gnu11;
				GCC_DYNAMIC_NO_PIC = NO;
				GCC_NO_COMMON_BLOCKS = YES;
				GCC_OPTIMIZATION_LEVEL = 0;
				GCC_PREPROCESSOR_DEFINITIONS = (
					"DEBUG=1",
					"$(inherited)",
				);
				GCC_WARN_64_TO_32_BIT_CONVERSION = YES;
				GCC_WARN_ABOUT_RETURN_TYPE = YES_ERROR;
				GCC_WARN_UNDECLARED_SELECTOR = YES;
				GCC_WARN_UNINITIALIZED_AUTOS = YES_AGGRESSIVE;
				GCC_WARN_UNUSED_FUNCTION = YES;
				GCC_WARN_UNUSED_VARIABLE = YES;
				IPHONEOS_DEPLOYMENT_TARGET = 11.4;
				MTL_ENABLE_DEBUG_INFO = YES;
				ONLY_ACTIVE_ARCH = YES;
				SDKROOT = iphoneos;
				SWIFT_ACTIVE_COMPILATION_CONDITIONS = DEBUG;
				SWIFT_OPTIMIZATION_LEVEL = "-Onone";
			};
			name = Debug;
		};
		4D8283DD21955BB100DAEA56 /* Release */ = {
			isa = XCBuildConfiguration;
			buildSettings = {
				ALWAYS_SEARCH_USER_PATHS = NO;
				CLANG_ANALYZER_NONNULL = YES;
				CLANG_ANALYZER_NUMBER_OBJECT_CONVERSION = YES_AGGRESSIVE;
				CLANG_CXX_LANGUAGE_STANDARD = "gnu++14";
				CLANG_CXX_LIBRARY = "libc++";
				CLANG_ENABLE_MODULES = YES;
				CLANG_ENABLE_OBJC_ARC = YES;
				CLANG_ENABLE_OBJC_WEAK = YES;
				CLANG_WARN_BLOCK_CAPTURE_AUTORELEASING = YES;
				CLANG_WARN_BOOL_CONVERSION = YES;
				CLANG_WARN_COMMA = YES;
				CLANG_WARN_CONSTANT_CONVERSION = YES;
				CLANG_WARN_DEPRECATED_OBJC_IMPLEMENTATIONS = YES;
				CLANG_WARN_DIRECT_OBJC_ISA_USAGE = YES_ERROR;
				CLANG_WARN_DOCUMENTATION_COMMENTS = YES;
				CLANG_WARN_EMPTY_BODY = YES;
				CLANG_WARN_ENUM_CONVERSION = YES;
				CLANG_WARN_INFINITE_RECURSION = YES;
				CLANG_WARN_INT_CONVERSION = YES;
				CLANG_WARN_NON_LITERAL_NULL_CONVERSION = YES;
				CLANG_WARN_OBJC_IMPLICIT_RETAIN_SELF = YES;
				CLANG_WARN_OBJC_LITERAL_CONVERSION = YES;
				CLANG_WARN_OBJC_ROOT_CLASS = YES_ERROR;
				CLANG_WARN_RANGE_LOOP_ANALYSIS = YES;
				CLANG_WARN_STRICT_PROTOTYPES = YES;
				CLANG_WARN_SUSPICIOUS_MOVE = YES;
				CLANG_WARN_UNGUARDED_AVAILABILITY = YES_AGGRESSIVE;
				CLANG_WARN_UNREACHABLE_CODE = YES;
				CLANG_WARN__DUPLICATE_METHOD_MATCH = YES;
				CODE_SIGN_IDENTITY = "iPhone Developer";
				COPY_PHASE_STRIP = NO;
				DEBUG_INFORMATION_FORMAT = "dwarf-with-dsym";
				ENABLE_NS_ASSERTIONS = NO;
				ENABLE_STRICT_OBJC_MSGSEND = YES;
				GCC_C_LANGUAGE_STANDARD = gnu11;
				GCC_NO_COMMON_BLOCKS = YES;
				GCC_WARN_64_TO_32_BIT_CONVERSION = YES;
				GCC_WARN_ABOUT_RETURN_TYPE = YES_ERROR;
				GCC_WARN_UNDECLARED_SELECTOR = YES;
				GCC_WARN_UNINITIALIZED_AUTOS = YES_AGGRESSIVE;
				GCC_WARN_UNUSED_FUNCTION = YES;
				GCC_WARN_UNUSED_VARIABLE = YES;
				IPHONEOS_DEPLOYMENT_TARGET = 11.4;
				MTL_ENABLE_DEBUG_INFO = NO;
				SDKROOT = iphoneos;
				SWIFT_COMPILATION_MODE = wholemodule;
				SWIFT_OPTIMIZATION_LEVEL = "-O";
				VALIDATE_PRODUCT = YES;
			};
			name = Release;
		};
		4D8283DF21955BB100DAEA56 /* Debug */ = {
			isa = XCBuildConfiguration;
			buildSettings = {
				ASSETCATALOG_COMPILER_APPICON_NAME = AppIcon;
				CODE_SIGN_STYLE = Automatic;
				DEVELOPMENT_TEAM = 672387VDVV;
				INFOPLIST_FILE = GoogleApis_DemoCode/Info.plist;
				LD_RUNPATH_SEARCH_PATHS = (
					"$(inherited)",
					"@executable_path/Frameworks",
				);
				PRODUCT_BUNDLE_IDENTIFIER = "com.HigherVisibility.GoogleApis-DemoCode";
				PRODUCT_NAME = "$(TARGET_NAME)";
				SWIFT_VERSION = 4.0;
				TARGETED_DEVICE_FAMILY = "1,2";
			};
			name = Debug;
		};
		4D8283E021955BB100DAEA56 /* Release */ = {
			isa = XCBuildConfiguration;
			buildSettings = {
				ASSETCATALOG_COMPILER_APPICON_NAME = AppIcon;
				CODE_SIGN_STYLE = Automatic;
				DEVELOPMENT_TEAM = 672387VDVV;
				INFOPLIST_FILE = GoogleApis_DemoCode/Info.plist;
				LD_RUNPATH_SEARCH_PATHS = (
					"$(inherited)",
					"@executable_path/Frameworks",
				);
				PRODUCT_BUNDLE_IDENTIFIER = "com.HigherVisibility.GoogleApis-DemoCode";
				PRODUCT_NAME = "$(TARGET_NAME)";
				SWIFT_VERSION = 4.0;
				TARGETED_DEVICE_FAMILY = "1,2";
			};
			name = Release;
		};
/* End XCBuildConfiguration section */

/* Begin XCConfigurationList section */
		4D8283C721955BB000DAEA56 /* Build configuration list for PBXProject "GoogleApis_DemoCode" */ = {
			isa = XCConfigurationList;
			buildConfigurations = (
				4D8283DC21955BB100DAEA56 /* Debug */,
				4D8283DD21955BB100DAEA56 /* Release */,
			);
			defaultConfigurationIsVisible = 0;
			defaultConfigurationName = Release;
		};
		4D8283DE21955BB100DAEA56 /* Build configuration list for PBXNativeTarget "GoogleApis_DemoCode" */ = {
			isa = XCConfigurationList;
			buildConfigurations = (
				4D8283DF21955BB100DAEA56 /* Debug */,
				4D8283E021955BB100DAEA56 /* Release */,
			);
			defaultConfigurationIsVisible = 0;
			defaultConfigurationName = Release;
		};
/* End XCConfigurationList section */
	};
	rootObject = 4D8283C421955BB000DAEA56 /* Project object */;
}
